
Microsoft Visual Studio Solution File, Format Version 12.00
# Visual Studio 2012
Project("{FAE04EC0-301F-11D3-BF4B-00C04F79EFBC}") = "EnterLikeTab.Web", "EnterLikeTab.Web\EnterLikeTab.Web.csproj", "{CE6DB68E-E362-4FC0-BA9C-884CDC41BFD6}"
EndProject
Global
	GlobalSection(SolutionConfigurationPlatforms) = preSolution
		Debug|Any CPU = Debug|Any CPU
		Release|Any CPU = Release|Any CPU
	EndGlobalSection
	GlobalSection(ProjectConfigurationPlatforms) = postSolution
		{CE6DB68E-E362-4FC0-BA9C-884CDC41BFD6}.Debug|Any CPU.ActiveCfg = Debug|Any CPU
		{CE6DB68E-E362-4FC0-BA9C-884CDC41BFD6}.Debug|Any CPU.Build.0 = Debug|Any CPU
		{CE6DB68E-E362-4FC0-BA9C-884CDC41BFD6}.Release|Any CPU.ActiveCfg = Release|Any CPU
		{CE6DB68E-E362-4FC0-BA9C-884CDC41BFD6}.Release|Any CPU.Build.0 = Release|Any CPU
	EndGlobalSection
	GlobalSection(SolutionProperties) = preSolution
		HideSolutionNode = FALSE
	EndGlobalSection
EndGlobal
